uuid: 8d8a594c-13a8-40d8-a472-8657e2d2ca73
langcode: en
status: true
dependencies:
  config:
    - field.storage.paragraph.field_homepage_slider_block
    - paragraphs.paragraphs_type.homepage_slider
    - paragraphs.paragraphs_type.homepage_slider_fieldset
  module:
    - entity_reference_revisions
id: paragraph.homepage_slider.field_homepage_slider_block
field_name: field_homepage_slider_block
entity_type: paragraph
bundle: homepage_slider
label: 'Homepage - Slider Block'
description: ''
required: false
translatable: false
default_value: {  }
default_value_callback: ''
settings:
  handler: 'default:paragraph'
  handler_settings:
    negate: 0
    target_bundles:
      homepage_slider_fieldset: homepage_slider_fieldset
    target_bundles_drag_drop:
      footer_contact_fieldset:
        weight: 5
        enabled: false
      homepage_slider:
        weight: 6
        enabled: false
      homepage_slider_fieldset:
        enabled: true
        weight: 7
      social_links_filedset:
        weight: 8
        enabled: false
field_type: entity_reference_revisions
